
Microsoft Visual Studio Solution File, Format Version 12.00
# Visual Studio Version 17
VisualStudioVersion = 17.5.002.0
MinimumVisualStudioVersion = 10.0.40219.1
Project("{2150E333-8FDC-42A3-9474-1A3956D46DE8}") = "GuidedProject", "GuidedProject", "{BB5D5A4F-1F36-412D-98C8-D90A92F4F3AB}"
EndProject
Project("{9A19103F-16F7-4668-BE54-9A1E7A4F7556}") = "Starter", "GuidedProject\Starter\Starter.csproj", "{69B0A313-954D-4CB7-9D3C-2794FD5AEC89}"
EndProject
Project("{9A19103F-16F7-4668-BE54-9A1E7A4F7556}") = "Final", "GuidedProject\Final\Final.csproj", "{C7D22B7B-87E1-4989-8845-2D225EB4927B}"
EndProject
Global
	GlobalSection(SolutionConfigurationPlatforms) = preSolution
		Debug|Any CPU = Debug|Any CPU
		Release|Any CPU = Release|Any CPU
	EndGlobalSection
	GlobalSection(ProjectConfigurationPlatforms) = postSolution
		{69B0A313-954D-4CB7-9D3C-2794FD5AEC89}.Debug|Any CPU.ActiveCfg = Debug|Any CPU
		{69B0A313-954D-4CB7-9D3C-2794FD5AEC89}.Debug|Any CPU.Build.0 = Debug|Any CPU
		{69B0A313-954D-4CB7-9D3C-2794FD5AEC89}.Release|Any CPU.ActiveCfg = Release|Any CPU
		{69B0A313-954D-4CB7-9D3C-2794FD5AEC89}.Release|Any CPU.Build.0 = Release|Any CPU
		{C7D22B7B-87E1-4989-8845-2D225EB4927B}.Debug|Any CPU.ActiveCfg = Debug|Any CPU
		{C7D22B7B-87E1-4989-8845-2D225EB4927B}.Debug|Any CPU.Build.0 = Debug|Any CPU
		{C7D22B7B-87E1-4989-8845-2D225EB4927B}.Release|Any CPU.ActiveCfg = Release|Any CPU
		{C7D22B7B-87E1-4989-8845-2D225EB4927B}.Release|Any CPU.Build.0 = Release|Any CPU
	EndGlobalSection
	GlobalSection(SolutionProperties) = preSolution
		HideSolutionNode = FALSE
	EndGlobalSection
	GlobalSection(NestedProjects) = preSolution
		{69B0A313-954D-4CB7-9D3C-2794FD5AEC89} = {BB5D5A4F-1F36-412D-98C8-D90A92F4F3AB}
		{C7D22B7B-87E1-4989-8845-2D225EB4927B} = {BB5D5A4F-1F36-412D-98C8-D90A92F4F3AB}
	EndGlobalSection
	GlobalSection(ExtensibilityGlobals) = postSolution
		SolutionGuid = {9A7ADBB9-7641-4C9D-ADB0-A4B5EAA74B8A}
	EndGlobalSection
EndGlobal
